
Microsoft Visual Studio Solution File, Format Version 12.00
# Visual Studio Version 17
VisualStudioVersion = 17.1.32328.378
MinimumVisualStudioVersion = 10.0.40219.1
Project("{FAE04EC0-301F-11D3-BF4B-00C04F79EFBC}") = "PZ_7", "PZ_7\PZ_7.csproj", "{77788F9C-F51E-4E7E-A6E4-6510802F62DD}"
EndProject
Global
	GlobalSection(SolutionConfigurationPlatforms) = preSolution
		Debug|Any CPU = Debug|Any CPU
		Release|Any CPU = Release|Any CPU
	EndGlobalSection
	GlobalSection(ProjectConfigurationPlatforms) = postSolution
		{77788F9C-F51E-4E7E-A6E4-6510802F62DD}.Debug|Any CPU.ActiveCfg = Debug|Any CPU
		{77788F9C-F51E-4E7E-A6E4-6510802F62DD}.Debug|Any CPU.Build.0 = Debug|Any CPU
		{77788F9C-F51E-4E7E-A6E4-6510802F62DD}.Release|Any CPU.ActiveCfg = Release|Any CPU
		{77788F9C-F51E-4E7E-A6E4-6510802F62DD}.Release|Any CPU.Build.0 = Release|Any CPU
	EndGlobalSection
	GlobalSection(SolutionProperties) = preSolution
		HideSolutionNode = FALSE
	EndGlobalSection
	GlobalSection(ExtensibilityGlobals) = postSolution
		SolutionGuid = {0B2933C7-3598-4D1F-8556-908181164992}
	EndGlobalSection
EndGlobal
